// !$*UTF8*$!
{
	archiveVersion = 1;
	classes = {
	};
	objectVersion = 56;
	objects = {

/* Begin PBXBuildFile section */
		8BD1E3A5E68494FABB7E02E6 /* Pods_Crypto_check.framework in Frameworks */ = {isa = PBXBuildFile; fileRef = 3135EF43B0F84B209A563B89 /* Pods_Crypto_check.framework */; };
		B5CCDD152A3F2502002284E4 /* AppDelegate.swift in Sources */ = {isa = PBXBuildFile; fileRef = B5CCDD142A3F2502002284E4 /* AppDelegate.swift */; };
		B5CCDD172A3F2502002284E4 /* SceneDelegate.swift in Sources */ = {isa = PBXBuildFile; fileRef = B5CCDD162A3F2502002284E4 /* SceneDelegate.swift */; };
		B5CCDD192A3F2502002284E4 /* GeneralVC.swift in Sources */ = {isa = PBXBuildFile; fileRef = B5CCDD182A3F2502002284E4 /* GeneralVC.swift */; };
		B5CCDD1E2A3F2504002284E4 /* Assets.xcassets in Resources */ = {isa = PBXBuildFile; fileRef = B5CCDD1D2A3F2504002284E4 /* Assets.xcassets */; };
		B5CCDD212A3F2504002284E4 /* LaunchScreen.storyboard in Resources */ = {isa = PBXBuildFile; fileRef = B5CCDD1F2A3F2504002284E4 /* LaunchScreen.storyboard */; };
		B5CCDD2C2A3F2504002284E4 /* Crypto_checkTests.swift in Sources */ = {isa = PBXBuildFile; fileRef = B5CCDD2B2A3F2504002284E4 /* Crypto_checkTests.swift */; };
		B5CCDD362A3F2504002284E4 /* Crypto_checkUITests.swift in Sources */ = {isa = PBXBuildFile; fileRef = B5CCDD352A3F2504002284E4 /* Crypto_checkUITests.swift */; };
		B5CCDD382A3F2504002284E4 /* Crypto_checkUITestsLaunchTests.swift in Sources */ = {isa = PBXBuildFile; fileRef = B5CCDD372A3F2504002284E4 /* Crypto_checkUITestsLaunchTests.swift */; };
/* End PBXBuildFile section */

/* Begin PBXContainerItemProxy section */
		B5CCDD282A3F2504002284E4 /* PBXContainerItemProxy */ = {
			isa = PBXContainerItemProxy;
			containerPortal = B5CCDD092A3F2502002284E4 /* Project object */;
			proxyType = 1;
			remoteGlobalIDString = B5CCDD102A3F2502002284E4;
			remoteInfo = "Crypto check";
		};
		B5CCDD322A3F2504002284E4 /* PBXContainerItemProxy */ = {
			isa = PBXContainerItemProxy;
			containerPortal = B5CCDD092A3F2502002284E4 /* Project object */;
			proxyType = 1;
			remoteGlobalIDString = B5CCDD102A3F2502002284E4;
			remoteInfo = "Crypto check";
		};
/* End PBXContainerItemProxy section */

/* Begin PBXFileReference section */
		3135EF43B0F84B209A563B89 /* Pods_Crypto_check.framework */ = {isa = PBXFileReference; explicitFileType = wrapper.framework; includeInIndex = 0; path = Pods_Crypto_check.framework; sourceTree = BUILT_PRODUCTS_DIR; };
		434420CDBAFA548DF48894F8 /* Pods-Crypto check.debug.xcconfig */ = {isa = PBXFileReference; includeInIndex = 1; lastKnownFileType = text.xcconfig; name = "Pods-Crypto check.debug.xcconfig"; path = "Target Support Files/Pods-Crypto check/Pods-Crypto check.debug.xcconfig"; sourceTree = "<group>"; };
		B5CCDD112A3F2502002284E4 /* Crypto check.app */ = {isa = PBXFileReference; explicitFileType = wrapper.application; includeInIndex = 0; path = "Crypto check.app"; sourceTree = BUILT_PRODUCTS_DIR; };
		B5CCDD142A3F2502002284E4 /* AppDelegate.swift */ = {isa = PBXFileReference; lastKnownFileType = sourcecode.swift; path = AppDelegate.swift; sourceTree = "<group>"; };
		B5CCDD162A3F2502002284E4 /* SceneDelegate.swift */ = {isa = PBXFileReference; lastKnownFileType = sourcecode.swift; path = SceneDelegate.swift; sourceTree = "<group>"; };
		B5CCDD182A3F2502002284E4 /* GeneralVC.swift */ = {isa = PBXFileReference; lastKnownFileType = sourcecode.swift; path = GeneralVC.swift; sourceTree = "<group>"; };
		B5CCDD1D2A3F2504002284E4 /* Assets.xcassets */ = {isa = PBXFileReference; lastKnownFileType = folder.assetcatalog; path = Assets.xcassets; sourceTree = "<group>"; };
		B5CCDD202A3F2504002284E4 /* Base */ = {isa = PBXFileReference; lastKnownFileType = file.storyboard; name = Base; path = Base.lproj/LaunchScreen.storyboard; sourceTree = "<group>"; };
		B5CCDD222A3F2504002284E4 /* Info.plist */ = {isa = PBXFileReference; lastKnownFileType = text.plist.xml; path = Info.plist; sourceTree = "<group>"; };
		B5CCDD272A3F2504002284E4 /* Crypto checkTests.xctest */ = {isa = PBXFileReference; explicitFileType = wrapper.cfbundle; includeInIndex = 0; path = "Crypto checkTests.xctest"; sourceTree = BUILT_PRODUCTS_DIR; };
		B5CCDD2B2A3F2504002284E4 /* Crypto_checkTests.swift */ = {isa = PBXFileReference; lastKnownFileType = sourcecode.swift; path = Crypto_checkTests.swift; sourceTree = "<group>"; };
		B5CCDD312A3F2504002284E4 /* Crypto checkUITests.xctest */ = {isa = PBXFileReference; explicitFileType = wrapper.cfbundle; includeInIndex = 0; path = "Crypto checkUITests.xctest"; sourceTree = BUILT_PRODUCTS_DIR; };
		B5CCDD352A3F2504002284E4 /* Crypto_checkUITests.swift */ = {isa = PBXFileReference; lastKnownFileType = sourcecode.swift; path = Crypto_checkUITests.swift; sourceTree = "<group>"; };
		B5CCDD372A3F2504002284E4 /* Crypto_checkUITestsLaunchTests.swift */ = {isa = PBXFileReference; lastKnownFileType = sourcecode.swift; path = Crypto_checkUITestsLaunchTests.swift; sourceTree = "<group>"; };
		CF1CC079BB1A0DF2FA56C97C /* Pods-Crypto check.release.xcconfig */ = {isa = PBXFileReference; includeInIndex = 1; lastKnownFileType = text.xcconfig; name = "Pods-Crypto check.release.xcconfig"; path = "Target Support Files/Pods-Crypto check/Pods-Crypto check.release.xcconfig"; sourceTree = "<group>"; };
/* End PBXFileReference section */

/* Begin PBXFrameworksBuildPhase section */
		B5CCDD0E2A3F2502002284E4 /* Frameworks */ = {
			isa = PBXFrameworksBuildPhase;
			buildActionMask = 2147483647;
			files = (
				8BD1E3A5E68494FABB7E02E6 /* Pods_Crypto_check.framework in Frameworks */,
			);
			runOnlyForDeploymentPostprocessing = 0;
		};
		B5CCDD242A3F2504002284E4 /* Frameworks */ = {
			isa = PBXFrameworksBuildPhase;
			buildActionMask = 2147483647;
			files = (
			);
			runOnlyForDeploymentPostprocessing = 0;
		};
		B5CCDD2E2A3F2504002284E4 /* Frameworks */ = {
			isa = PBXFrameworksBuildPhase;
			buildActionMask = 2147483647;
			files = (
			);
			runOnlyForDeploymentPostprocessing = 0;
		};
/* End PBXFrameworksBuildPhase section */

/* Begin PBXGroup section */
		B5CCDD082A3F2502002284E4 = {
			isa = PBXGroup;
			children = (
				B5CCDD132A3F2502002284E4 /* Crypto check */,
				B5CCDD2A2A3F2504002284E4 /* Crypto checkTests */,
				B5CCDD342A3F2504002284E4 /* Crypto checkUITests */,
				B5CCDD122A3F2502002284E4 /* Products */,
				C096D16232C57C117EF9BF62 /* Pods */,
				D29A299C52E4E417557ED007 /* Frameworks */,
			);
			sourceTree = "<group>";
		};
		B5CCDD122A3F2502002284E4 /* Products */ = {
			isa = PBXGroup;
			children = (
				B5CCDD112A3F2502002284E4 /* Crypto check.app */,
				B5CCDD272A3F2504002284E4 /* Crypto checkTests.xctest */,
				B5CCDD312A3F2504002284E4 /* Crypto checkUITests.xctest */,
			);
			name = Products;
			sourceTree = "<group>";
		};
		B5CCDD132A3F2502002284E4 /* Crypto check */ = {
			isa = PBXGroup;
			children = (
				B5CCDD482A3F282B002284E4 /* Data base */,
				B5CCDD472A3F2802002284E4 /* Network requests */,
				B5CCDD462A3F27F7002284E4 /* Tab bar */,
				B5CCDD452A3F27E2002284E4 /* Controllers */,
				B5CCDD442A3F27B9002284E4 /* System files */,
				B5CCDD222A3F2504002284E4 /* Info.plist */,
			);
			path = "Crypto check";
			sourceTree = "<group>";
		};
		B5CCDD2A2A3F2504002284E4 /* Crypto checkTests */ = {
			isa = PBXGroup;
			children = (
				B5CCDD2B2A3F2504002284E4 /* Crypto_checkTests.swift */,
			);
			path = "Crypto checkTests";
			sourceTree = "<group>";
		};
		B5CCDD342A3F2504002284E4 /* Crypto checkUITests */ = {
			isa = PBXGroup;
			children = (
				B5CCDD352A3F2504002284E4 /* Crypto_checkUITests.swift */,
				B5CCDD372A3F2504002284E4 /* Crypto_checkUITestsLaunchTests.swift */,
			);
			path = "Crypto checkUITests";
			sourceTree = "<group>";
		};
		B5CCDD442A3F27B9002284E4 /* System files */ = {
			isa = PBXGroup;
			children = (
				B5CCDD142A3F2502002284E4 /* AppDelegate.swift */,
				B5CCDD162A3F2502002284E4 /* SceneDelegate.swift */,
				B5CCDD1F2A3F2504002284E4 /* LaunchScreen.storyboard */,
				B5CCDD1D2A3F2504002284E4 /* Assets.xcassets */,
			);
			path = "System files";
			sourceTree = "<group>";
		};
		B5CCDD452A3F27E2002284E4 /* Controllers */ = {
			isa = PBXGroup;
			children = (
				B5CCDD492A3F286B002284E4 /* General Page */,
			);
			path = Controllers;
			sourceTree = "<group>";
		};
		B5CCDD462A3F27F7002284E4 /* Tab bar */ = {
			isa = PBXGroup;
			children = (
			);
			path = "Tab bar";
			sourceTree = "<group>";
		};
		B5CCDD472A3F2802002284E4 /* Network requests */ = {
			isa = PBXGroup;
			children = (
			);
			path = "Network requests";
			sourceTree = "<group>";
		};
		B5CCDD482A3F282B002284E4 /* Data base */ = {
			isa = PBXGroup;
			children = (
			);
			path = "Data base";
			sourceTree = "<group>";
		};
		B5CCDD492A3F286B002284E4 /* General Page */ = {
			isa = PBXGroup;
			children = (
				B5CCDD4A2A3F287B002284E4 /* Components */,
				B5CCDD182A3F2502002284E4 /* GeneralVC.swift */,
			);
			path = "General Page";
			sourceTree = "<group>";
		};
		B5CCDD4A2A3F287B002284E4 /* Components */ = {
			isa = PBXGroup;
			children = (
			);
			path = Components;
			sourceTree = "<group>";
		};
		C096D16232C57C117EF9BF62 /* Pods */ = {
			isa = PBXGroup;
			children = (
				434420CDBAFA548DF48894F8 /* Pods-Crypto check.debug.xcconfig */,
				CF1CC079BB1A0DF2FA56C97C /* Pods-Crypto check.release.xcconfig */,
			);
			name = Pods;
			path = Pods;
			sourceTree = "<group>";
		};
		D29A299C52E4E417557ED007 /* Frameworks */ = {
			isa = PBXGroup;
			children = (
				3135EF43B0F84B209A563B89 /* Pods_Crypto_check.framework */,
			);
			name = Frameworks;
			sourceTree = "<group>";
		};
/* End PBXGroup section */

/* Begin PBXNativeTarget section */
		B5CCDD102A3F2502002284E4 /* Crypto check */ = {
			isa = PBXNativeTarget;
			buildConfigurationList = B5CCDD3B2A3F2504002284E4 /* Build configuration list for PBXNativeTarget "Crypto check" */;
			buildPhases = (
				E06501232D653EEE2DB03BBA /* [CP] Check Pods Manifest.lock */,
				B5CCDD0D2A3F2502002284E4 /* Sources */,
				B5CCDD0E2A3F2502002284E4 /* Frameworks */,
				B5CCDD0F2A3F2502002284E4 /* Resources */,
				21FACB288334C90B926E8E99 /* [CP] Embed Pods Frameworks */,
			);
			buildRules = (
			);
			dependencies = (
			);
			name = "Crypto check";
			productName = "Crypto check";
			productReference = B5CCDD112A3F2502002284E4 /* Crypto check.app */;
			productType = "com.apple.product-type.application";
		};
		B5CCDD262A3F2504002284E4 /* Crypto checkTests */ = {
			isa = PBXNativeTarget;
			buildConfigurationList = B5CCDD3E2A3F2504002284E4 /* Build configuration list for PBXNativeTarget "Crypto checkTests" */;
			buildPhases = (
				B5CCDD232A3F2504002284E4 /* Sources */,
				B5CCDD242A3F2504002284E4 /* Frameworks */,
				B5CCDD252A3F2504002284E4 /* Resources */,
			);
			buildRules = (
			);
			dependencies = (
				B5CCDD292A3F2504002284E4 /* PBXTargetDependency */,
			);
			name = "Crypto checkTests";
			productName = "Crypto checkTests";
			productReference = B5CCDD272A3F2504002284E4 /* Crypto checkTests.xctest */;
			productType = "com.apple.product-type.bundle.unit-test";
		};
		B5CCDD302A3F2504002284E4 /* Crypto checkUITests */ = {
			isa = PBXNativeTarget;
			buildConfigurationList = B5CCDD412A3F2504002284E4 /* Build configuration list for PBXNativeTarget "Crypto checkUITests" */;
			buildPhases = (
				B5CCDD2D2A3F2504002284E4 /* Sources */,
				B5CCDD2E2A3F2504002284E4 /* Frameworks */,
				B5CCDD2F2A3F2504002284E4 /* Resources */,
			);
			buildRules = (
			);
			dependencies = (
				B5CCDD332A3F2504002284E4 /* PBXTargetDependency */,
			);
			name = "Crypto checkUITests";
			productName = "Crypto checkUITests";
			productReference = B5CCDD312A3F2504002284E4 /* Crypto checkUITests.xctest */;
			productType = "com.apple.product-type.bundle.ui-testing";
		};
/* End PBXNativeTarget section */

/* Begin PBXProject section */
		B5CCDD092A3F2502002284E4 /* Project object */ = {
			isa = PBXProject;
			attributes = {
				BuildIndependentTargetsInParallel = 1;
				LastSwiftUpdateCheck = 1430;
				LastUpgradeCheck = 1430;
				TargetAttributes = {
					B5CCDD102A3F2502002284E4 = {
						CreatedOnToolsVersion = 14.3;
					};
					B5CCDD262A3F2504002284E4 = {
						CreatedOnToolsVersion = 14.3;
						TestTargetID = B5CCDD102A3F2502002284E4;
					};
					B5CCDD302A3F2504002284E4 = {
						CreatedOnToolsVersion = 14.3;
						TestTargetID = B5CCDD102A3F2502002284E4;
					};
				};
			};
			buildConfigurationList = B5CCDD0C2A3F2502002284E4 /* Build configuration list for PBXProject "Crypto check" */;
			compatibilityVersion = "Xcode 14.0";
			developmentRegion = en;
			hasScannedForEncodings = 0;
			knownRegions = (
				en,
				Base,
			);
			mainGroup = B5CCDD082A3F2502002284E4;
			productRefGroup = B5CCDD122A3F2502002284E4 /* Products */;
			projectDirPath = "";
			projectRoot = "";
			targets = (
				B5CCDD102A3F2502002284E4 /* Crypto check */,
				B5CCDD262A3F2504002284E4 /* Crypto checkTests */,
				B5CCDD302A3F2504002284E4 /* Crypto checkUITests */,
			);
		};
/* End PBXProject section */

/* Begin PBXResourcesBuildPhase section */
		B5CCDD0F2A3F2502002284E4 /* Resources */ = {
			isa = PBXResourcesBuildPhase;
			buildActionMask = 2147483647;
			files = (
				B5CCDD212A3F2504002284E4 /* LaunchScreen.storyboard in Resources */,
				B5CCDD1E2A3F2504002284E4 /* Assets.xcassets in Resources */,
			);
			runOnlyForDeploymentPostprocessing = 0;
		};
		B5CCDD252A3F2504002284E4 /* Resources */ = {
			isa = PBXResourcesBuildPhase;
			buildActionMask = 2147483647;
			files = (
			);
			runOnlyForDeploymentPostprocessing = 0;
		};
		B5CCDD2F2A3F2504002284E4 /* Resources */ = {
			isa = PBXResourcesBuildPhase;
			buildActionMask = 2147483647;
			files = (
			);
			runOnlyForDeploymentPostprocessing = 0;
		};
/* End PBXResourcesBuildPhase section */

/* Begin PBXShellScriptBuildPhase section */
		21FACB288334C90B926E8E99 /* [CP] Embed Pods Frameworks */ = {
			isa = PBXShellScriptBuildPhase;
			buildActionMask = 2147483647;
			files = (
			);
			inputFileListPaths = (
				"${PODS_ROOT}/Target Support Files/Pods-Crypto check/Pods-Crypto check-frameworks-${CONFIGURATION}-input-files.xcfilelist",
			);
			name = "[CP] Embed Pods Frameworks";
			outputFileListPaths = (
				"${PODS_ROOT}/Target Support Files/Pods-Crypto check/Pods-Crypto check-frameworks-${CONFIGURATION}-output-files.xcfilelist",
			);
			runOnlyForDeploymentPostprocessing = 0;
			shellPath = /bin/sh;
			shellScript = "\"${PODS_ROOT}/Target Support Files/Pods-Crypto check/Pods-Crypto check-frameworks.sh\"\n";
			showEnvVarsInLog = 0;
		};
		E06501232D653EEE2DB03BBA /* [CP] Check Pods Manifest.lock */ = {
			isa = PBXShellScriptBuildPhase;
			buildActionMask = 2147483647;
			files = (
			);
			inputFileListPaths = (
			);
			inputPaths = (
				"${PODS_PODFILE_DIR_PATH}/Podfile.lock",
				"${PODS_ROOT}/Manifest.lock",
			);
			name = "[CP] Check Pods Manifest.lock";
			outputFileListPaths = (
			);
			outputPaths = (
				"$(DERIVED_FILE_DIR)/Pods-Crypto check-checkManifestLockResult.txt",
			);
			runOnlyForDeploymentPostprocessing = 0;
			shellPath = /bin/sh;
			shellScript = "diff \"${PODS_PODFILE_DIR_PATH}/Podfile.lock\" \"${PODS_ROOT}/Manifest.lock\" > /dev/null\nif [ $? != 0 ] ; then\n    # print error to STDERR\n    echo \"error: The sandbox is not in sync with the Podfile.lock. Run 'pod install' or update your CocoaPods installation.\" >&2\n    exit 1\nfi\n# This output is used by Xcode 'outputs' to avoid re-running this script phase.\necho \"SUCCESS\" > \"${SCRIPT_OUTPUT_FILE_0}\"\n";
			showEnvVarsInLog = 0;
		};
/* End PBXShellScriptBuildPhase section */

/* Begin PBXSourcesBuildPhase section */
		B5CCDD0D2A3F2502002284E4 /* Sources */ = {
			isa = PBXSourcesBuildPhase;
			buildActionMask = 2147483647;
			files = (
				B5CCDD192A3F2502002284E4 /* GeneralVC.swift in Sources */,
				B5CCDD152A3F2502002284E4 /* AppDelegate.swift in Sources */,
				B5CCDD172A3F2502002284E4 /* SceneDelegate.swift in Sources */,
			);
			runOnlyForDeploymentPostprocessing = 0;
		};
		B5CCDD232A3F2504002284E4 /* Sources */ = {
			isa = PBXSourcesBuildPhase;
			buildActionMask = 2147483647;
			files = (
				B5CCDD2C2A3F2504002284E4 /* Crypto_checkTests.swift in Sources */,
			);
			runOnlyForDeploymentPostprocessing = 0;
		};
		B5CCDD2D2A3F2504002284E4 /* Sources */ = {
			isa = PBXSourcesBuildPhase;
			buildActionMask = 2147483647;
			files = (
				B5CCDD382A3F2504002284E4 /* Crypto_checkUITestsLaunchTests.swift in Sources */,
				B5CCDD362A3F2504002284E4 /* Crypto_checkUITests.swift in Sources */,
			);
			runOnlyForDeploymentPostprocessing = 0;
		};
/* End PBXSourcesBuildPhase section */

/* Begin PBXTargetDependency section */
		B5CCDD292A3F2504002284E4 /* PBXTargetDependency */ = {
			isa = PBXTargetDependency;
			target = B5CCDD102A3F2502002284E4 /* Crypto check */;
			targetProxy = B5CCDD282A3F2504002284E4 /* PBXContainerItemProxy */;
		};
		B5CCDD332A3F2504002284E4 /* PBXTargetDependency */ = {
			isa = PBXTargetDependency;
			target = B5CCDD102A3F2502002284E4 /* Crypto check */;
			targetProxy = B5CCDD322A3F2504002284E4 /* PBXContainerItemProxy */;
		};
/* End PBXTargetDependency section */

/* Begin PBXVariantGroup section */
		B5CCDD1F2A3F2504002284E4 /* LaunchScreen.storyboard */ = {
			isa = PBXVariantGroup;
			children = (
				B5CCDD202A3F2504002284E4 /* Base */,
			);
			name = LaunchScreen.storyboard;
			sourceTree = "<group>";
		};
/* End PBXVariantGroup section */

/* Begin XCBuildConfiguration section */
		B5CCDD392A3F2504002284E4 /* Debug */ = {
			isa = XCBuildConfiguration;
			buildSettings = {
				ALWAYS_SEARCH_USER_PATHS = NO;
				CLANG_ANALYZER_NONNULL = YES;
				CLANG_ANALYZER_NUMBER_OBJECT_CONVERSION = YES_AGGRESSIVE;
				CLANG_CXX_LANGUAGE_STANDARD = "gnu++20";
				CLANG_ENABLE_MODULES = YES;
				CLANG_ENABLE_OBJC_ARC = YES;
				CLANG_ENABLE_OBJC_WEAK = YES;
				CLANG_WARN_BLOCK_CAPTURE_AUTORELEASING = YES;
				CLANG_WARN_BOOL_CONVERSION = YES;
				CLANG_WARN_COMMA = YES;
				CLANG_WARN_CONSTANT_CONVERSION = YES;
				CLANG_WARN_DEPRECATED_OBJC_IMPLEMENTATIONS = YES;
				CLANG_WARN_DIRECT_OBJC_ISA_USAGE = YES_ERROR;
				CLANG_WARN_DOCUMENTATION_COMMENTS = YES;
				CLANG_WARN_EMPTY_BODY = YES;
				CLANG_WARN_ENUM_CONVERSION = YES;
				CLANG_WARN_INFINITE_RECURSION = YES;
				CLANG_WARN_INT_CONVERSION = YES;
				CLANG_WARN_NON_LITERAL_NULL_CONVERSION = YES;
				CLANG_WARN_OBJC_IMPLICIT_RETAIN_SELF = YES;
				CLANG_WARN_OBJC_LITERAL_CONVERSION = YES;
				CLANG_WARN_OBJC_ROOT_CLASS = YES_ERROR;
				CLANG_WARN_QUOTED_INCLUDE_IN_FRAMEWORK_HEADER = YES;
				CLANG_WARN_RANGE_LOOP_ANALYSIS = YES;
				CLANG_WARN_STRICT_PROTOTYPES = YES;
				CLANG_WARN_SUSPICIOUS_MOVE = YES;
				CLANG_WARN_UNGUARDED_AVAILABILITY = YES_AGGRESSIVE;
				CLANG_WARN_UNREACHABLE_CODE = YES;
				CLANG_WARN__DUPLICATE_METHOD_MATCH = YES;
				COPY_PHASE_STRIP = NO;
				DEBUG_INFORMATION_FORMAT = dwarf;
				ENABLE_STRICT_OBJC_MSGSEND = YES;
				ENABLE_TESTABILITY = YES;
				GCC_C_LANGUAGE_STANDARD = gnu11;
				GCC_DYNAMIC_NO_PIC = NO;
				GCC_NO_COMMON_BLOCKS = YES;
				GCC_OPTIMIZATION_LEVEL = 0;
				GCC_PREPROCESSOR_DEFINITIONS = (
					"DEBUG=1",
					"$(inherited)",
				);
				GCC_WARN_64_TO_32_BIT_CONVERSION = YES;
				GCC_WARN_ABOUT_RETURN_TYPE = YES_ERROR;
				GCC_WARN_UNDECLARED_SELECTOR = YES;
				GCC_WARN_UNINITIALIZED_AUTOS = YES_AGGRESSIVE;
				GCC_WARN_UNUSED_FUNCTION = YES;
				GCC_WARN_UNUSED_VARIABLE = YES;
				IPHONEOS_DEPLOYMENT_TARGET = 16.4;
				MTL_ENABLE_DEBUG_INFO = INCLUDE_SOURCE;
				MTL_FAST_MATH = YES;
				ONLY_ACTIVE_ARCH = YES;
				SDKROOT = iphoneos;
				SWIFT_ACTIVE_COMPILATION_CONDITIONS = DEBUG;
				SWIFT_OPTIMIZATION_LEVEL = "-Onone";
			};
			name = Debug;
		};
		B5CCDD3A2A3F2504002284E4 /* Release */ = {
			isa = XCBuildConfiguration;
			buildSettings = {
				ALWAYS_SEARCH_USER_PATHS = NO;
				CLANG_ANALYZER_NONNULL = YES;
				CLANG_ANALYZER_NUMBER_OBJECT_CONVERSION = YES_AGGRESSIVE;
				CLANG_CXX_LANGUAGE_STANDARD = "gnu++20";
				CLANG_ENABLE_MODULES = YES;
				CLANG_ENABLE_OBJC_ARC = YES;
				CLANG_ENABLE_OBJC_WEAK = YES;
				CLANG_WARN_BLOCK_CAPTURE_AUTORELEASING = YES;
				CLANG_WARN_BOOL_CONVERSION = YES;
				CLANG_WARN_COMMA = YES;
				CLANG_WARN_CONSTANT_CONVERSION = YES;
				CLANG_WARN_DEPRECATED_OBJC_IMPLEMENTATIONS = YES;
				CLANG_WARN_DIRECT_OBJC_ISA_USAGE = YES_ERROR;
				CLANG_WARN_DOCUMENTATION_COMMENTS = YES;
				CLANG_WARN_EMPTY_BODY = YES;
				CLANG_WARN_ENUM_CONVERSION = YES;
				CLANG_WARN_INFINITE_RECURSION = YES;
				CLANG_WARN_INT_CONVERSION = YES;
				CLANG_WARN_NON_LITERAL_NULL_CONVERSION = YES;
				CLANG_WARN_OBJC_IMPLICIT_RETAIN_SELF = YES;
				CLANG_WARN_OBJC_LITERAL_CONVERSION = YES;
				CLANG_WARN_OBJC_ROOT_CLASS = YES_ERROR;
				CLANG_WARN_QUOTED_INCLUDE_IN_FRAMEWORK_HEADER = YES;
				CLANG_WARN_RANGE_LOOP_ANALYSIS = YES;
				CLANG_WARN_STRICT_PROTOTYPES = YES;
				CLANG_WARN_SUSPICIOUS_MOVE = YES;
				CLANG_WARN_UNGUARDED_AVAILABILITY = YES_AGGRESSIVE;
				CLANG_WARN_UNREACHABLE_CODE = YES;
				CLANG_WARN__DUPLICATE_METHOD_MATCH = YES;
				COPY_PHASE_STRIP = NO;
				DEBUG_INFORMATION_FORMAT = "dwarf-with-dsym";
				ENABLE_NS_ASSERTIONS = NO;
				ENABLE_STRICT_OBJC_MSGSEND = YES;
				GCC_C_LANGUAGE_STANDARD = gnu11;
				GCC_NO_COMMON_BLOCKS = YES;
				GCC_WARN_64_TO_32_BIT_CONVERSION = YES;
				GCC_WARN_ABOUT_RETURN_TYPE = YES_ERROR;
				GCC_WARN_UNDECLARED_SELECTOR = YES;
				GCC_WARN_UNINITIALIZED_AUTOS = YES_AGGRESSIVE;
				GCC_WARN_UNUSED_FUNCTION = YES;
				GCC_WARN_UNUSED_VARIABLE = YES;
				IPHONEOS_DEPLOYMENT_TARGET = 16.4;
				MTL_ENABLE_DEBUG_INFO = NO;
				MTL_FAST_MATH = YES;
				SDKROOT = iphoneos;
				SWIFT_COMPILATION_MODE = wholemodule;
				SWIFT_OPTIMIZATION_LEVEL = "-O";
				VALIDATE_PRODUCT = YES;
			};
			name = Release;
		};
		B5CCDD3C2A3F2504002284E4 /* Debug */ = {
			isa = XCBuildConfiguration;
			baseConfigurationReference = 434420CDBAFA548DF48894F8 /* Pods-Crypto check.debug.xcconfig */;
			buildSettings = {
				ASSETCATALOG_COMPILER_APPICON_NAME = AppIcon;
				ASSETCATALOG_COMPILER_GLOBAL_ACCENT_COLOR_NAME = AccentColor;
				CODE_SIGN_STYLE = Automatic;
				CURRENT_PROJECT_VERSION = 1;
				DEVELOPMENT_TEAM = FN66JN9TVU;
				GENERATE_INFOPLIST_FILE = YES;
				INFOPLIST_FILE = "Crypto check/Info.plist";
				INFOPLIST_KEY_UIApplicationSupportsIndirectInputEvents = YES;
				INFOPLIST_KEY_UILaunchStoryboardName = LaunchScreen;
				INFOPLIST_KEY_UIMainStoryboardFile = "";
				INFOPLIST_KEY_UISupportedInterfaceOrientations = UIInterfaceOrientationPortrait;
				INFOPLIST_KEY_UISupportedInterfaceOrientations_iPad = "UIInterfaceOrientationLandscapeLeft UIInterfaceOrientationLandscapeRight UIInterfaceOrientationPortrait UIInterfaceOrientationPortraitUpsideDown";
				IPHONEOS_DEPLOYMENT_TARGET = 15.0;
				LD_RUNPATH_SEARCH_PATHS = (
					"$(inherited)",
					"@executable_path/Frameworks",
				);
				MARKETING_VERSION = 1.0;
				PRODUCT_BUNDLE_IDENTIFIER = "uz.IsmailovRuslan.Crypto-check";
				PRODUCT_NAME = "$(TARGET_NAME)";
				SUPPORTED_PLATFORMS = "iphoneos iphonesimulator";
				SUPPORTS_MACCATALYST = NO;
				SUPPORTS_MAC_DESIGNED_FOR_IPHONE_IPAD = NO;
				SWIFT_EMIT_LOC_STRINGS = YES;
				SWIFT_VERSION = 5.0;
				TARGETED_DEVICE_FAMILY = 1;
			};
			name = Debug;
		};
		B5CCDD3D2A3F2504002284E4 /* Release */ = {
			isa = XCBuildConfiguration;
			baseConfigurationReference = CF1CC079BB1A0DF2FA56C97C /* Pods-Crypto check.release.xcconfig */;
			buildSettings = {
				ASSETCATALOG_COMPILER_APPICON_NAME = AppIcon;
				ASSETCATALOG_COMPILER_GLOBAL_ACCENT_COLOR_NAME = AccentColor;
				CODE_SIGN_STYLE = Automatic;
				CURRENT_PROJECT_VERSION = 1;
				DEVELOPMENT_TEAM = FN66JN9TVU;
				GENERATE_INFOPLIST_FILE = YES;
				INFOPLIST_FILE = "Crypto check/Info.plist";
				INFOPLIST_KEY_UIApplicationSupportsIndirectInputEvents = YES;
				INFOPLIST_KEY_UILaunchStoryboardName = LaunchScreen;
				INFOPLIST_KEY_UIMainStoryboardFile = "";
				INFOPLIST_KEY_UISupportedInterfaceOrientations = UIInterfaceOrientationPortrait;
				INFOPLIST_KEY_UISupportedInterfaceOrientations_iPad = "UIInterfaceOrientationLandscapeLeft UIInterfaceOrientationLandscapeRight UIInterfaceOrientationPortrait UIInterfaceOrientationPortraitUpsideDown";
				IPHONEOS_DEPLOYMENT_TARGET = 15.0;
				LD_RUNPATH_SEARCH_PATHS = (
					"$(inherited)",
					"@executable_path/Frameworks",
				);
				MARKETING_VERSION = 1.0;
				PRODUCT_BUNDLE_IDENTIFIER = "uz.IsmailovRuslan.Crypto-check";
				PRODUCT_NAME = "$(TARGET_NAME)";
				SUPPORTED_PLATFORMS = "iphoneos iphonesimulator";
				SUPPORTS_MACCATALYST = NO;
				SUPPORTS_MAC_DESIGNED_FOR_IPHONE_IPAD = NO;
				SWIFT_EMIT_LOC_STRINGS = YES;
				SWIFT_VERSION = 5.0;
				TARGETED_DEVICE_FAMILY = 1;
			};
			name = Release;
		};
		B5CCDD3F2A3F2504002284E4 /* Debug */ = {
			isa = XCBuildConfiguration;
			buildSettings = {
				ALWAYS_EMBED_SWIFT_STANDARD_LIBRARIES = YES;
				BUNDLE_LOADER = "$(TEST_HOST)";
				CODE_SIGN_STYLE = Automatic;
				CURRENT_PROJECT_VERSION = 1;
				DEVELOPMENT_TEAM = FN66JN9TVU;
				GENERATE_INFOPLIST_FILE = YES;
				IPHONEOS_DEPLOYMENT_TARGET = 16.4;
				MARKETING_VERSION = 1.0;
				PRODUCT_BUNDLE_IDENTIFIER = "uz.IsmailovRuslan.Crypto-checkTests";
				PRODUCT_NAME = "$(TARGET_NAME)";
				SWIFT_EMIT_LOC_STRINGS = NO;
				SWIFT_VERSION = 5.0;
				TARGETED_DEVICE_FAMILY = "1,2";
				TEST_HOST = "$(BUILT_PRODUCTS_DIR)/Crypto check.app/$(BUNDLE_EXECUTABLE_FOLDER_PATH)/Crypto check";
			};
			name = Debug;
		};
		B5CCDD402A3F2504002284E4 /* Release */ = {
			isa = XCBuildConfiguration;
			buildSettings = {
				ALWAYS_EMBED_SWIFT_STANDARD_LIBRARIES = YES;
				BUNDLE_LOADER = "$(TEST_HOST)";
				CODE_SIGN_STYLE = Automatic;
				CURRENT_PROJECT_VERSION = 1;
				DEVELOPMENT_TEAM = FN66JN9TVU;
				GENERATE_INFOPLIST_FILE = YES;
				IPHONEOS_DEPLOYMENT_TARGET = 16.4;
				MARKETING_VERSION = 1.0;
				PRODUCT_BUNDLE_IDENTIFIER = "uz.IsmailovRuslan.Crypto-checkTests";
				PRODUCT_NAME = "$(TARGET_NAME)";
				SWIFT_EMIT_LOC_STRINGS = NO;
				SWIFT_VERSION = 5.0;
				TARGETED_DEVICE_FAMILY = "1,2";
				TEST_HOST = "$(BUILT_PRODUCTS_DIR)/Crypto check.app/$(BUNDLE_EXECUTABLE_FOLDER_PATH)/Crypto check";
			};
			name = Release;
		};
		B5CCDD422A3F2504002284E4 /* Debug */ = {
			isa = XCBuildConfiguration;
			buildSettings = {
				ALWAYS_EMBED_SWIFT_STANDARD_LIBRARIES = YES;
				CODE_SIGN_STYLE = Automatic;
				CURRENT_PROJECT_VERSION = 1;
				DEVELOPMENT_TEAM = FN66JN9TVU;
				GENERATE_INFOPLIST_FILE = YES;
				MARKETING_VERSION = 1.0;
				PRODUCT_BUNDLE_IDENTIFIER = "uz.IsmailovRuslan.Crypto-checkUITests";
				PRODUCT_NAME = "$(TARGET_NAME)";
				SWIFT_EMIT_LOC_STRINGS = NO;
				SWIFT_VERSION = 5.0;
				TARGETED_DEVICE_FAMILY = "1,2";
				TEST_TARGET_NAME = "Crypto check";
			};
			name = Debug;
		};
		B5CCDD432A3F2504002284E4 /* Release */ = {
			isa = XCBuildConfiguration;
			buildSettings = {
				ALWAYS_EMBED_SWIFT_STANDARD_LIBRARIES = YES;
				CODE_SIGN_STYLE = Automatic;
				CURRENT_PROJECT_VERSION = 1;
				DEVELOPMENT_TEAM = FN66JN9TVU;
				GENERATE_INFOPLIST_FILE = YES;
				MARKETING_VERSION = 1.0;
				PRODUCT_BUNDLE_IDENTIFIER = "uz.IsmailovRuslan.Crypto-checkUITests";
				PRODUCT_NAME = "$(TARGET_NAME)";
				SWIFT_EMIT_LOC_STRINGS = NO;
				SWIFT_VERSION = 5.0;
				TARGETED_DEVICE_FAMILY = "1,2";
				TEST_TARGET_NAME = "Crypto check";
			};
			name = Release;
		};
/* End XCBuildConfiguration section */

/* Begin XCConfigurationList section */
		B5CCDD0C2A3F2502002284E4 /* Build configuration list for PBXProject "Crypto check" */ = {
			isa = XCConfigurationList;
			buildConfigurations = (
				B5CCDD392A3F2504002284E4 /* Debug */,
				B5CCDD3A2A3F2504002284E4 /* Release */,
			);
			defaultConfigurationIsVisible = 0;
			defaultConfigurationName = Release;
		};
		B5CCDD3B2A3F2504002284E4 /* Build configuration list for PBXNativeTarget "Crypto check" */ = {
			isa = XCConfigurationList;
			buildConfigurations = (
				B5CCDD3C2A3F2504002284E4 /* Debug */,
				B5CCDD3D2A3F2504002284E4 /* Release */,
			);
			defaultConfigurationIsVisible = 0;
			defaultConfigurationName = Release;
		};
		B5CCDD3E2A3F2504002284E4 /* Build configuration list for PBXNativeTarget "Crypto checkTests" */ = {
			isa = XCConfigurationList;
			buildConfigurations = (
				B5CCDD3F2A3F2504002284E4 /* Debug */,
				B5CCDD402A3F2504002284E4 /* Release */,
			);
			defaultConfigurationIsVisible = 0;
			defaultConfigurationName = Release;
		};
		B5CCDD412A3F2504002284E4 /* Build configuration list for PBXNativeTarget "Crypto checkUITests" */ = {
			isa = XCConfigurationList;
			buildConfigurations = (
				B5CCDD422A3F2504002284E4 /* Debug */,
				B5CCDD432A3F2504002284E4 /* Release */,
			);
			defaultConfigurationIsVisible = 0;
			defaultConfigurationName = Release;
		};
/* End XCConfigurationList section */
	};
	rootObject = B5CCDD092A3F2502002284E4 /* Project object */;
}
