PODS:
  - Alamofire (5.7.1)
  - Charts (4.1.0):
    - Charts/Core (= 4.1.0)
  - Charts/Core (4.1.0):
    - SwiftAlgorithms (~> 1.0)
  - Moya (15.0.0):
    - Moya/Core (= 15.0.0)
  - Moya/Core (15.0.0):
    - Alamofire (~> 5.0)
  - ObjectMapper (4.2.0)
  - Realm (10.39.1):
    - Realm/Headers (= 10.39.1)
  - Realm/Headers (10.39.1)
  - RealmSwift (10.39.1):
    - Realm (= 10.39.1)
  - SwiftAlgorithms (1.0.0)

DEPENDENCIES:
  - Charts
  - Moya
  - ObjectMapper
  - RealmSwift

SPEC REPOS:
  trunk:
    - Alamofire
    - Charts
    - Moya
    - ObjectMapper
    - Realm
    - RealmSwift
    - SwiftAlgorithms

SPEC CHECKSUMS:
  Alamofire: 0123a34370cb170936ae79a8df46cc62b2edeb88
  Charts: 354f86803d11d9c35de280587fef50d1af063978
  Moya: 138f0573e53411fb3dc17016add0b748dfbd78ee
  ObjectMapper: 1eb41f610210777375fa806bf161dc39fb832b81
  Realm: 1f3157edf145f4d9036765ab550c8cb18f62b700
  RealmSwift: 8a69a1cb788cd5865966f49667b130567e07bceb
  SwiftAlgorithms: 38dda4731d19027fdeee1125f973111bf3386b53

PODFILE CHECKSUM: 8f25c5bd346461a319651ac1ecdbb2abbbeeac5f

COCOAPODS: 1.12.0
